// !$*UTF8*$!
{
	archiveVersion = 1;
	classes = {
	};
	objectVersion = 46;
	objects = {

/* Begin PBXBuildFile section */
		72AD42EB1E24608B00E26A25 /* AppDelegate.swift in Sources */ = {isa = PBXBuildFile; fileRef = 72AD42EA1E24608B00E26A25 /* AppDelegate.swift */; };
		72AD42ED1E24608B00E26A25 /* ViewController.swift in Sources */ = {isa = PBXBuildFile; fileRef = 72AD42EC1E24608B00E26A25 /* ViewController.swift */; };
		72AD42F21E24608B00E26A25 /* Assets.xcassets in Resources */ = {isa = PBXBuildFile; fileRef = 72AD42F11E24608B00E26A25 /* Assets.xcassets */; };
		72AD42F51E24608B00E26A25 /* LaunchScreen.storyboard in Resources */ = {isa = PBXBuildFile; fileRef = 72AD42F31E24608B00E26A25 /* LaunchScreen.storyboard */; };
		72BDB3031E25830E00C085D5 /* HWActivityIndicatorTableViewCell.swift in Sources */ = {isa = PBXBuildFile; fileRef = 72BDB2FC1E25830D00C085D5 /* HWActivityIndicatorTableViewCell.swift */; };
		72BDB3041E25830E00C085D5 /* HWAPIManager.swift in Sources */ = {isa = PBXBuildFile; fileRef = 72BDB2FD1E25830D00C085D5 /* HWAPIManager.swift */; };
		72BDB3051E25830E00C085D5 /* HWErrorStruct.swift in Sources */ = {isa = PBXBuildFile; fileRef = 72BDB2FE1E25830D00C085D5 /* HWErrorStruct.swift */; };
		72BDB3061E25830E00C085D5 /* HWImageViewTableViewCell.swift in Sources */ = {isa = PBXBuildFile; fileRef = 72BDB2FF1E25830D00C085D5 /* HWImageViewTableViewCell.swift */; };
		72BDB3071E25830E00C085D5 /* HWTextFieldTableViewCell.swift in Sources */ = {isa = PBXBuildFile; fileRef = 72BDB3001E25830D00C085D5 /* HWTextFieldTableViewCell.swift */; };
		72BDB3081E25830E00C085D5 /* HWTypeTableViewCell.swift in Sources */ = {isa = PBXBuildFile; fileRef = 72BDB3011E25830E00C085D5 /* HWTypeTableViewCell.swift */; };
		72BDB3091E25830E00C085D5 /* HWWritingNetworkModels.swift in Sources */ = {isa = PBXBuildFile; fileRef = 72BDB3021E25830E00C085D5 /* HWWritingNetworkModels.swift */; };
		72F7392C1E258E5B002A761B /* Main.storyboard in Resources */ = {isa = PBXBuildFile; fileRef = 72F7392B1E258E5B002A761B /* Main.storyboard */; };
		A1051F32118DB759DABBA476 /* Pods_HandwritoProjetSwift3.framework in Frameworks */ = {isa = PBXBuildFile; fileRef = C4C6F2E8A9282D52F7104AE4 /* Pods_HandwritoProjetSwift3.framework */; };
/* End PBXBuildFile section */

/* Begin PBXFileReference section */
		72AD42E71E24608A00E26A25 /* HandwritoProjetSwift3.app */ = {isa = PBXFileReference; explicitFileType = wrapper.application; includeInIndex = 0; path = HandwritoProjetSwift3.app; sourceTree = BUILT_PRODUCTS_DIR; };
		72AD42EA1E24608B00E26A25 /* AppDelegate.swift */ = {isa = PBXFileReference; lastKnownFileType = sourcecode.swift; path = AppDelegate.swift; sourceTree = "<group>"; };
		72AD42EC1E24608B00E26A25 /* ViewController.swift */ = {isa = PBXFileReference; lastKnownFileType = sourcecode.swift; path = ViewController.swift; sourceTree = "<group>"; };
		72AD42F11E24608B00E26A25 /* Assets.xcassets */ = {isa = PBXFileReference; lastKnownFileType = folder.assetcatalog; path = Assets.xcassets; sourceTree = "<group>"; };
		72AD42F41E24608B00E26A25 /* Base */ = {isa = PBXFileReference; lastKnownFileType = file.storyboard; name = Base; path = Base.lproj/LaunchScreen.storyboard; sourceTree = "<group>"; };
		72AD42F61E24608B00E26A25 /* Info.plist */ = {isa = PBXFileReference; lastKnownFileType = text.plist.xml; path = Info.plist; sourceTree = "<group>"; };
		72BDB2FC1E25830D00C085D5 /* HWActivityIndicatorTableViewCell.swift */ = {isa = PBXFileReference; fileEncoding = 4; lastKnownFileType = sourcecode.swift; path = HWActivityIndicatorTableViewCell.swift; sourceTree = "<group>"; };
		72BDB2FD1E25830D00C085D5 /* HWAPIManager.swift */ = {isa = PBXFileReference; fileEncoding = 4; lastKnownFileType = sourcecode.swift; path = HWAPIManager.swift; sourceTree = "<group>"; };
		72BDB2FE1E25830D00C085D5 /* HWErrorStruct.swift */ = {isa = PBXFileReference; fileEncoding = 4; lastKnownFileType = sourcecode.swift; path = HWErrorStruct.swift; sourceTree = "<group>"; };
		72BDB2FF1E25830D00C085D5 /* HWImageViewTableViewCell.swift */ = {isa = PBXFileReference; fileEncoding = 4; lastKnownFileType = sourcecode.swift; path = HWImageViewTableViewCell.swift; sourceTree = "<group>"; };
		72BDB3001E25830D00C085D5 /* HWTextFieldTableViewCell.swift */ = {isa = PBXFileReference; fileEncoding = 4; lastKnownFileType = sourcecode.swift; path = HWTextFieldTableViewCell.swift; sourceTree = "<group>"; };
		72BDB3011E25830E00C085D5 /* HWTypeTableViewCell.swift */ = {isa = PBXFileReference; fileEncoding = 4; lastKnownFileType = sourcecode.swift; path = HWTypeTableViewCell.swift; sourceTree = "<group>"; };
		72BDB3021E25830E00C085D5 /* HWWritingNetworkModels.swift */ = {isa = PBXFileReference; fileEncoding = 4; lastKnownFileType = sourcecode.swift; path = HWWritingNetworkModels.swift; sourceTree = "<group>"; };
		72F7392B1E258E5B002A761B /* Main.storyboard */ = {isa = PBXFileReference; fileEncoding = 4; lastKnownFileType = file.storyboard; path = Main.storyboard; sourceTree = "<group>"; };
		C492696F914491112C48A4B2 /* Pods-HandwritoProjetSwift3.debug.xcconfig */ = {isa = PBXFileReference; includeInIndex = 1; lastKnownFileType = text.xcconfig; name = "Pods-HandwritoProjetSwift3.debug.xcconfig"; path = "Pods/Target Support Files/Pods-HandwritoProjetSwift3/Pods-HandwritoProjetSwift3.debug.xcconfig"; sourceTree = "<group>"; };
		C4C6F2E8A9282D52F7104AE4 /* Pods_HandwritoProjetSwift3.framework */ = {isa = PBXFileReference; explicitFileType = wrapper.framework; includeInIndex = 0; path = Pods_HandwritoProjetSwift3.framework; sourceTree = BUILT_PRODUCTS_DIR; };
		C884C556CC2D7E5B87D8BC36 /* Pods-HandwritoProjetSwift3.release.xcconfig */ = {isa = PBXFileReference; includeInIndex = 1; lastKnownFileType = text.xcconfig; name = "Pods-HandwritoProjetSwift3.release.xcconfig"; path = "Pods/Target Support Files/Pods-HandwritoProjetSwift3/Pods-HandwritoProjetSwift3.release.xcconfig"; sourceTree = "<group>"; };
/* End PBXFileReference section */

/* Begin PBXFrameworksBuildPhase section */
		72AD42E41E24608A00E26A25 /* Frameworks */ = {
			isa = PBXFrameworksBuildPhase;
			buildActionMask = 2147483647;
			files = (
				A1051F32118DB759DABBA476 /* Pods_HandwritoProjetSwift3.framework in Frameworks */,
			);
			runOnlyForDeploymentPostprocessing = 0;
		};
/* End PBXFrameworksBuildPhase section */

/* Begin PBXGroup section */
		05CCB643A49527E0B52545D7 /* Pods */ = {
			isa = PBXGroup;
			children = (
				C492696F914491112C48A4B2 /* Pods-HandwritoProjetSwift3.debug.xcconfig */,
				C884C556CC2D7E5B87D8BC36 /* Pods-HandwritoProjetSwift3.release.xcconfig */,
			);
			name = Pods;
			sourceTree = "<group>";
		};
		72AD42DE1E24608A00E26A25 = {
			isa = PBXGroup;
			children = (
				72AD42E91E24608A00E26A25 /* HandwritoProjetSwift3 */,
				72AD42E81E24608A00E26A25 /* Products */,
				05CCB643A49527E0B52545D7 /* Pods */,
				CE9CD03E0390AE02527E9180 /* Frameworks */,
			);
			sourceTree = "<group>";
		};
		72AD42E81E24608A00E26A25 /* Products */ = {
			isa = PBXGroup;
			children = (
				72AD42E71E24608A00E26A25 /* HandwritoProjetSwift3.app */,
			);
			name = Products;
			sourceTree = "<group>";
		};
		72AD42E91E24608A00E26A25 /* HandwritoProjetSwift3 */ = {
			isa = PBXGroup;
			children = (
				72AD42EA1E24608B00E26A25 /* AppDelegate.swift */,
				72F7392B1E258E5B002A761B /* Main.storyboard */,
				72AD42F31E24608B00E26A25 /* LaunchScreen.storyboard */,
				72BDB30D1E25834800C085D5 /* Views */,
				72BDB30C1E25833F00C085D5 /* API */,
				72BDB30B1E25833500C085D5 /* Controllers */,
				72BDB30A1E25832000C085D5 /* Models */,
				72AD42F11E24608B00E26A25 /* Assets.xcassets */,
				72AD42F61E24608B00E26A25 /* Info.plist */,
			);
			path = HandwritoProjetSwift3;
			sourceTree = "<group>";
		};
		72BDB30A1E25832000C085D5 /* Models */ = {
			isa = PBXGroup;
			children = (
				72BDB2FE1E25830D00C085D5 /* HWErrorStruct.swift */,
				72BDB3021E25830E00C085D5 /* HWWritingNetworkModels.swift */,
			);
			name = Models;
			sourceTree = "<group>";
		};
		72BDB30B1E25833500C085D5 /* Controllers */ = {
			isa = PBXGroup;
			children = (
				72AD42EC1E24608B00E26A25 /* ViewController.swift */,
			);
			name = Controllers;
			sourceTree = "<group>";
		};
		72BDB30C1E25833F00C085D5 /* API */ = {
			isa = PBXGroup;
			children = (
				72BDB2FD1E25830D00C085D5 /* HWAPIManager.swift */,
			);
			name = API;
			sourceTree = "<group>";
		};
		72BDB30D1E25834800C085D5 /* Views */ = {
			isa = PBXGroup;
			children = (
				72BDB3011E25830E00C085D5 /* HWTypeTableViewCell.swift */,
				72BDB2FF1E25830D00C085D5 /* HWImageViewTableViewCell.swift */,
				72BDB2FC1E25830D00C085D5 /* HWActivityIndicatorTableViewCell.swift */,
				72BDB3001E25830D00C085D5 /* HWTextFieldTableViewCell.swift */,
			);
			name = Views;
			sourceTree = "<group>";
		};
		CE9CD03E0390AE02527E9180 /* Frameworks */ = {
			isa = PBXGroup;
			children = (
				C4C6F2E8A9282D52F7104AE4 /* Pods_HandwritoProjetSwift3.framework */,
			);
			name = Frameworks;
			sourceTree = "<group>";
		};
/* End PBXGroup section */

/* Begin PBXNativeTarget section */
		72AD42E61E24608A00E26A25 /* HandwritoProjetSwift3 */ = {
			isa = PBXNativeTarget;
			buildConfigurationList = 72AD42F91E24608B00E26A25 /* Build configuration list for PBXNativeTarget "HandwritoProjetSwift3" */;
			buildPhases = (
				9200B4CAC7C0F18242B36C66 /* [CP] Check Pods Manifest.lock */,
				72AD42E31E24608A00E26A25 /* Sources */,
				72AD42E41E24608A00E26A25 /* Frameworks */,
				72AD42E51E24608A00E26A25 /* Resources */,
				3AFB7FFB8407B9472E5AD7AD /* [CP] Embed Pods Frameworks */,
				688A7E838D3C50E5AB08C8FC /* [CP] Copy Pods Resources */,
			);
			buildRules = (
			);
			dependencies = (
			);
			name = HandwritoProjetSwift3;
			productName = HandwritoProjetSwift3;
			productReference = 72AD42E71E24608A00E26A25 /* HandwritoProjetSwift3.app */;
			productType = "com.apple.product-type.application";
		};
/* End PBXNativeTarget section */

/* Begin PBXProject section */
		72AD42DF1E24608A00E26A25 /* Project object */ = {
			isa = PBXProject;
			attributes = {
				LastSwiftUpdateCheck = 0820;
				LastUpgradeCheck = 0820;
				ORGANIZATIONNAME = "lan yu";
				TargetAttributes = {
					72AD42E61E24608A00E26A25 = {
						CreatedOnToolsVersion = 8.2.1;
						LastSwiftMigration = 0820;
						ProvisioningStyle = Automatic;
					};
				};
			};
			buildConfigurationList = 72AD42E21E24608A00E26A25 /* Build configuration list for PBXProject "HandwritoProjetSwift3" */;
			compatibilityVersion = "Xcode 3.2";
			developmentRegion = English;
			hasScannedForEncodings = 0;
			knownRegions = (
				en,
				Base,
			);
			mainGroup = 72AD42DE1E24608A00E26A25;
			productRefGroup = 72AD42E81E24608A00E26A25 /* Products */;
			projectDirPath = "";
			projectRoot = "";
			targets = (
				72AD42E61E24608A00E26A25 /* HandwritoProjetSwift3 */,
			);
		};
/* End PBXProject section */

/* Begin PBXResourcesBuildPhase section */
		72AD42E51E24608A00E26A25 /* Resources */ = {
			isa = PBXResourcesBuildPhase;
			buildActionMask = 2147483647;
			files = (
				72AD42F51E24608B00E26A25 /* LaunchScreen.storyboard in Resources */,
				72AD42F21E24608B00E26A25 /* Assets.xcassets in Resources */,
				72F7392C1E258E5B002A761B /* Main.storyboard in Resources */,
			);
			runOnlyForDeploymentPostprocessing = 0;
		};
/* End PBXResourcesBuildPhase section */

/* Begin PBXShellScriptBuildPhase section */
		3AFB7FFB8407B9472E5AD7AD /* [CP] Embed Pods Frameworks */ = {
			isa = PBXShellScriptBuildPhase;
			buildActionMask = 2147483647;
			files = (
			);
			inputPaths = (
			);
			name = "[CP] Embed Pods Frameworks";
			outputPaths = (
			);
			runOnlyForDeploymentPostprocessing = 0;
			shellPath = /bin/sh;
			shellScript = "\"${SRCROOT}/Pods/Target Support Files/Pods-HandwritoProjetSwift3/Pods-HandwritoProjetSwift3-frameworks.sh\"\n";
			showEnvVarsInLog = 0;
		};
		688A7E838D3C50E5AB08C8FC /* [CP] Copy Pods Resources */ = {
			isa = PBXShellScriptBuildPhase;
			buildActionMask = 2147483647;
			files = (
			);
			inputPaths = (
			);
			name = "[CP] Copy Pods Resources";
			outputPaths = (
			);
			runOnlyForDeploymentPostprocessing = 0;
			shellPath = /bin/sh;
			shellScript = "\"${SRCROOT}/Pods/Target Support Files/Pods-HandwritoProjetSwift3/Pods-HandwritoProjetSwift3-resources.sh\"\n";
			showEnvVarsInLog = 0;
		};
		9200B4CAC7C0F18242B36C66 /* [CP] Check Pods Manifest.lock */ = {
			isa = PBXShellScriptBuildPhase;
			buildActionMask = 2147483647;
			files = (
			);
			inputPaths = (
			);
			name = "[CP] Check Pods Manifest.lock";
			outputPaths = (
			);
			runOnlyForDeploymentPostprocessing = 0;
			shellPath = /bin/sh;
			shellScript = "diff \"${PODS_ROOT}/../Podfile.lock\" \"${PODS_ROOT}/Manifest.lock\" > /dev/null\nif [ $? != 0 ] ; then\n    # print error to STDERR\n    echo \"error: The sandbox is not in sync with the Podfile.lock. Run 'pod install' or update your CocoaPods installation.\" >&2\n    exit 1\nfi\n";
			showEnvVarsInLog = 0;
		};
/* End PBXShellScriptBuildPhase section */

/* Begin PBXSourcesBuildPhase section */
		72AD42E31E24608A00E26A25 /* Sources */ = {
			isa = PBXSourcesBuildPhase;
			buildActionMask = 2147483647;
			files = (
				72BDB3081E25830E00C085D5 /* HWTypeTableViewCell.swift in Sources */,
				72BDB3071E25830E00C085D5 /* HWTextFieldTableViewCell.swift in Sources */,
				72AD42ED1E24608B00E26A25 /* ViewController.swift in Sources */,
				72BDB3041E25830E00C085D5 /* HWAPIManager.swift in Sources */,
				72BDB3031E25830E00C085D5 /* HWActivityIndicatorTableViewCell.swift in Sources */,
				72BDB3061E25830E00C085D5 /* HWImageViewTableViewCell.swift in Sources */,
				72BDB3091E25830E00C085D5 /* HWWritingNetworkModels.swift in Sources */,
				72BDB3051E25830E00C085D5 /* HWErrorStruct.swift in Sources */,
				72AD42EB1E24608B00E26A25 /* AppDelegate.swift in Sources */,
			);
			runOnlyForDeploymentPostprocessing = 0;
		};
/* End PBXSourcesBuildPhase section */

/* Begin PBXVariantGroup section */
		72AD42F31E24608B00E26A25 /* LaunchScreen.storyboard */ = {
			isa = PBXVariantGroup;
			children = (
				72AD42F41E24608B00E26A25 /* Base */,
			);
			name = LaunchScreen.storyboard;
			sourceTree = "<group>";
		};
/* End PBXVariantGroup section */

/* Begin XCBuildConfiguration section */
		72AD42F71E24608B00E26A25 /* Debug */ = {
			isa = XCBuildConfiguration;
			buildSettings = {
				ALWAYS_SEARCH_USER_PATHS = NO;
				CLANG_ANALYZER_NONNULL = YES;
				CLANG_CXX_LANGUAGE_STANDARD = "gnu++0x";
				CLANG_CXX_LIBRARY = "libc++";
				CLANG_ENABLE_MODULES = YES;
				CLANG_ENABLE_OBJC_ARC = YES;
				CLANG_WARN_BOOL_CONVERSION = YES;
				CLANG_WARN_CONSTANT_CONVERSION = YES;
				CLANG_WARN_DIRECT_OBJC_ISA_USAGE = YES_ERROR;
				CLANG_WARN_DOCUMENTATION_COMMENTS = YES;
				CLANG_WARN_EMPTY_BODY = YES;
				CLANG_WARN_ENUM_CONVERSION = YES;
				CLANG_WARN_INFINITE_RECURSION = YES;
				CLANG_WARN_INT_CONVERSION = YES;
				CLANG_WARN_OBJC_ROOT_CLASS = YES_ERROR;
				CLANG_WARN_SUSPICIOUS_MOVE = YES;
				CLANG_WARN_UNREACHABLE_CODE = YES;
				CLANG_WARN__DUPLICATE_METHOD_MATCH = YES;
				"CODE_SIGN_IDENTITY[sdk=iphoneos*]" = "iPhone Developer";
				COPY_PHASE_STRIP = NO;
				DEBUG_INFORMATION_FORMAT = dwarf;
				ENABLE_STRICT_OBJC_MSGSEND = YES;
				ENABLE_TESTABILITY = YES;
				GCC_C_LANGUAGE_STANDARD = gnu99;
				GCC_DYNAMIC_NO_PIC = NO;
				GCC_NO_COMMON_BLOCKS = YES;
				GCC_OPTIMIZATION_LEVEL = 0;
				GCC_PREPROCESSOR_DEFINITIONS = (
					"DEBUG=1",
					"$(inherited)",
				);
				GCC_WARN_64_TO_32_BIT_CONVERSION = YES;
				GCC_WARN_ABOUT_RETURN_TYPE = YES_ERROR;
				GCC_WARN_UNDECLARED_SELECTOR = YES;
				GCC_WARN_UNINITIALIZED_AUTOS = YES_AGGRESSIVE;
				GCC_WARN_UNUSED_FUNCTION = YES;
				GCC_WARN_UNUSED_VARIABLE = YES;
				IPHONEOS_DEPLOYMENT_TARGET = 10.2;
				MTL_ENABLE_DEBUG_INFO = YES;
				ONLY_ACTIVE_ARCH = YES;
				SDKROOT = iphoneos;
				SWIFT_ACTIVE_COMPILATION_CONDITIONS = DEBUG;
				SWIFT_OPTIMIZATION_LEVEL = "-Onone";
				TARGETED_DEVICE_FAMILY = "1,2";
			};
			name = Debug;
		};
		72AD42F81E24608B00E26A25 /* Release */ = {
			isa = XCBuildConfiguration;
			buildSettings = {
				ALWAYS_SEARCH_USER_PATHS = NO;
				CLANG_ANALYZER_NONNULL = YES;
				CLANG_CXX_LANGUAGE_STANDARD = "gnu++0x";
				CLANG_CXX_LIBRARY = "libc++";
				CLANG_ENABLE_MODULES = YES;
				CLANG_ENABLE_OBJC_ARC = YES;
				CLANG_WARN_BOOL_CONVERSION = YES;
				CLANG_WARN_CONSTANT_CONVERSION = YES;
				CLANG_WARN_DIRECT_OBJC_ISA_USAGE = YES_ERROR;
				CLANG_WARN_DOCUMENTATION_COMMENTS = YES;
				CLANG_WARN_EMPTY_BODY = YES;
				CLANG_WARN_ENUM_CONVERSION = YES;
				CLANG_WARN_INFINITE_RECURSION = YES;
				CLANG_WARN_INT_CONVERSION = YES;
				CLANG_WARN_OBJC_ROOT_CLASS = YES_ERROR;
				CLANG_WARN_SUSPICIOUS_MOVE = YES;
				CLANG_WARN_UNREACHABLE_CODE = YES;
				CLANG_WARN__DUPLICATE_METHOD_MATCH = YES;
				"CODE_SIGN_IDENTITY[sdk=iphoneos*]" = "iPhone Developer";
				COPY_PHASE_STRIP = NO;
				DEBUG_INFORMATION_FORMAT = "dwarf-with-dsym";
				ENABLE_NS_ASSERTIONS = NO;
				ENABLE_STRICT_OBJC_MSGSEND = YES;
				GCC_C_LANGUAGE_STANDARD = gnu99;
				GCC_NO_COMMON_BLOCKS = YES;
				GCC_WARN_64_TO_32_BIT_CONVERSION = YES;
				GCC_WARN_ABOUT_RETURN_TYPE = YES_ERROR;
				GCC_WARN_UNDECLARED_SELECTOR = YES;
				GCC_WARN_UNINITIALIZED_AUTOS = YES_AGGRESSIVE;
				GCC_WARN_UNUSED_FUNCTION = YES;
				GCC_WARN_UNUSED_VARIABLE = YES;
				IPHONEOS_DEPLOYMENT_TARGET = 10.2;
				MTL_ENABLE_DEBUG_INFO = NO;
				SDKROOT = iphoneos;
				SWIFT_OPTIMIZATION_LEVEL = "-Owholemodule";
				TARGETED_DEVICE_FAMILY = "1,2";
				VALIDATE_PRODUCT = YES;
			};
			name = Release;
		};
		72AD42FA1E24608B00E26A25 /* Debug */ = {
			isa = XCBuildConfiguration;
			baseConfigurationReference = C492696F914491112C48A4B2 /* Pods-HandwritoProjetSwift3.debug.xcconfig */;
			buildSettings = {
				ASSETCATALOG_COMPILER_APPICON_NAME = AppIcon;
				INFOPLIST_FILE = HandwritoProjetSwift3/Info.plist;
				LD_RUNPATH_SEARCH_PATHS = "$(inherited) @executable_path/Frameworks";
				PRODUCT_BUNDLE_IDENTIFIER = com.yulan.HandwritoProjetSwift3;
				PRODUCT_NAME = "$(TARGET_NAME)";
				SWIFT_VERSION = 3.0;
			};
			name = Debug;
		};
		72AD42FB1E24608B00E26A25 /* Release */ = {
			isa = XCBuildConfiguration;
			baseConfigurationReference = C884C556CC2D7E5B87D8BC36 /* Pods-HandwritoProjetSwift3.release.xcconfig */;
			buildSettings = {
				ASSETCATALOG_COMPILER_APPICON_NAME = AppIcon;
				INFOPLIST_FILE = HandwritoProjetSwift3/Info.plist;
				LD_RUNPATH_SEARCH_PATHS = "$(inherited) @executable_path/Frameworks";
				PRODUCT_BUNDLE_IDENTIFIER = com.yulan.HandwritoProjetSwift3;
				PRODUCT_NAME = "$(TARGET_NAME)";
				SWIFT_VERSION = 3.0;
			};
			name = Release;
		};
/* End XCBuildConfiguration section */

/* Begin XCConfigurationList section */
		72AD42E21E24608A00E26A25 /* Build configuration list for PBXProject "HandwritoProjetSwift3" */ = {
			isa = XCConfigurationList;
			buildConfigurations = (
				72AD42F71E24608B00E26A25 /* Debug */,
				72AD42F81E24608B00E26A25 /* Release */,
			);
			defaultConfigurationIsVisible = 0;
			defaultConfigurationName = Release;
		};
		72AD42F91E24608B00E26A25 /* Build configuration list for PBXNativeTarget "HandwritoProjetSwift3" */ = {
			isa = XCConfigurationList;
			buildConfigurations = (
				72AD42FA1E24608B00E26A25 /* Debug */,
				72AD42FB1E24608B00E26A25 /* Release */,
			);
			defaultConfigurationIsVisible = 0;
			defaultConfigurationName = Release;
		};
/* End XCConfigurationList section */
	};
	rootObject = 72AD42DF1E24608A00E26A25 /* Project object */;
}
